
Microsoft Visual Studio Solution File, Format Version 12.00
# Visual Studio Version 17
VisualStudioVersion = 17.2.32630.192
MinimumVisualStudioVersion = 10.0.40219.1
Project("{9A19103F-16F7-4668-BE54-9A1E7A4F7556}") = "ServiceName.Service", "src\ServiceName.Service\ServiceName.Service.csproj", "{A199D1F8-B3B1-4C3B-A7FA-487498249668}"
EndProject
Project("{2150E333-8FDC-42A3-9474-1A3956D46DE8}") = "_build", "_build", "{7CCE2D75-6229-4D90-B1AE-A32111EFEEE1}"
	ProjectSection(SolutionItems) = preProject
		.editorconfig = .editorconfig
		specs\.runsettings = specs\.runsettings
		appsettings.props = appsettings.props
		Directory.Build.props = Directory.Build.props
		Directory.Packages.props = Directory.Packages.props
		.config\dotnet-tools.json = .config\dotnet-tools.json
		NuGet.Config = NuGet.Config
	EndProjectSection
EndProject
Project("{2150E333-8FDC-42A3-9474-1A3956D46DE8}") = "_database", "_database", "{23E56E3B-393B-473F-A35E-10F1909747DD}"
	ProjectSection(SolutionItems) = preProject
		database\add-migration.bat = database\add-migration.bat
		database\init-env.bat = database\init-env.bat
		database\remove-last-migration.bat = database\remove-last-migration.bat
		database\update-database.bat = database\update-database.bat
	EndProjectSection
EndProject
Project("{9A19103F-16F7-4668-BE54-9A1E7A4F7556}") = "PostgreSqlMigration", "database\PostgreSqlMigration\PostgreSqlMigration.csproj", "{120147B2-E66F-45CE-ACCA-6C68E23C3986}"
EndProject
Project("{2150E333-8FDC-42A3-9474-1A3956D46DE8}") = "_appsettings", "_appsettings", "{2EC0D75B-56D9-45C5-81B5-3C88EC3148D2}"
	ProjectSection(SolutionItems) = preProject
		appsettings\appsettings.Development.json = appsettings\appsettings.Development.json
		appsettings\appsettings.json = appsettings\appsettings.json
		appsettings\appsettings.serviceKebabCase.Development.json = appsettings\appsettings.serviceKebabCase.Development.json
	EndProjectSection
EndProject
Project("{9A19103F-16F7-4668-BE54-9A1E7A4F7556}") = "Shared", "src\Shared\Shared.csproj", "{37E4EF1D-8CC0-4174-9232-039F97E0B08F}"
EndProject
Global
	GlobalSection(SolutionConfigurationPlatforms) = preSolution
		Debug|Any CPU = Debug|Any CPU
		Release|Any CPU = Release|Any CPU
	EndGlobalSection
	GlobalSection(ProjectConfigurationPlatforms) = postSolution
		{A199D1F8-B3B1-4C3B-A7FA-487498249668}.Debug|Any CPU.ActiveCfg = Debug|Any CPU
		{A199D1F8-B3B1-4C3B-A7FA-487498249668}.Debug|Any CPU.Build.0 = Debug|Any CPU
		{A199D1F8-B3B1-4C3B-A7FA-487498249668}.Release|Any CPU.ActiveCfg = Release|Any CPU
		{A199D1F8-B3B1-4C3B-A7FA-487498249668}.Release|Any CPU.Build.0 = Release|Any CPU
		{120147B2-E66F-45CE-ACCA-6C68E23C3986}.Debug|Any CPU.ActiveCfg = Debug|Any CPU
		{120147B2-E66F-45CE-ACCA-6C68E23C3986}.Debug|Any CPU.Build.0 = Debug|Any CPU
		{120147B2-E66F-45CE-ACCA-6C68E23C3986}.Release|Any CPU.ActiveCfg = Release|Any CPU
		{120147B2-E66F-45CE-ACCA-6C68E23C3986}.Release|Any CPU.Build.0 = Release|Any CPU
		{37E4EF1D-8CC0-4174-9232-039F97E0B08F}.Debug|Any CPU.ActiveCfg = Debug|Any CPU
		{37E4EF1D-8CC0-4174-9232-039F97E0B08F}.Debug|Any CPU.Build.0 = Debug|Any CPU
		{37E4EF1D-8CC0-4174-9232-039F97E0B08F}.Release|Any CPU.ActiveCfg = Release|Any CPU
		{37E4EF1D-8CC0-4174-9232-039F97E0B08F}.Release|Any CPU.Build.0 = Release|Any CPU
	EndGlobalSection
	GlobalSection(SolutionProperties) = preSolution
		HideSolutionNode = FALSE
	EndGlobalSection
	GlobalSection(NestedProjects) = preSolution
		{120147B2-E66F-45CE-ACCA-6C68E23C3986} = {23E56E3B-393B-473F-A35E-10F1909747DD}
	EndGlobalSection
	GlobalSection(ExtensibilityGlobals) = postSolution
		SolutionGuid = {2BABC9C8-DC9A-482E-84B1-06B0F97D1FAC}
	EndGlobalSection
EndGlobal
